{
  "originHash" : "ef5e40996a5450fa029062085e13fb96ebae504fccadba7793dc270b31d70410",
  "pins" : [
    {
      "identity" : "powersync-sqlite-core-swift",
      "kind" : "remoteSourceControl",
      "location" : "https://github.com/powersync-ja/powersync-sqlite-core-swift.git",
      "state" : {
        "revision" : "3396dd7eb9d4264b19e3d95bfe0d77347826f4c2",
        "version" : "0.4.4"
      }
    },
    {
      "identity" : "powersync-swift",
      "kind" : "remoteSourceControl",
      "location" : "https://github.com/powersync-ja/powersync-swift",
      "state" : {
        "revision" : "20ec94bff940262c3e898a7752a479031a2f76cf",
        "version" : "1.5.0"
      }
    }
  ],
  "version" : 3
}
