// !$*UTF8*$!
{
	archiveVersion = 1;
	classes = {
	};
	objectVersion = 77;
	objects = {

/* Begin PBXBuildFile section */
		BE394F332E68F75100A5C47B /* PowerSyncDynamic in Frameworks */ = {isa = PBXBuildFile; productRef = BE394F322E68F75100A5C47B /* PowerSyncDynamic */; };
		BE394F342E68F75600A5C47B /* PowerSyncDynamic in Embed Frameworks */ = {isa = PBXBuildFile; productRef = BE394F322E68F75100A5C47B /* PowerSyncDynamic */; settings = {ATTRIBUTES = (CodeSignOnCopy, ); }; };
		BE394F492E6A03DD00A5C47B /* Auth in Frameworks */ = {isa = PBXBuildFile; productRef = BE394F482E6A03DD00A5C47B /* Auth */; };
		BE394F4B2E6A03E200A5C47B /* Supabase in Frameworks */ = {isa = PBXBuildFile; productRef = BE394F4A2E6A03E200A5C47B /* Supabase */; };
/* End PBXBuildFile section */

/* Begin PBXContainerItemProxy section */
		BE36D7802E68D9EC00B7D3A9 /* PBXContainerItemProxy */ = {
			isa = PBXContainerItemProxy;
			containerPortal = BE36D7692E68D9EB00B7D3A9 /* Project object */;
			proxyType = 1;
			remoteGlobalIDString = BE36D7702E68D9EB00B7D3A9;
			remoteInfo = "Swift Demo";
		};
		BE36D78A2E68D9EC00B7D3A9 /* PBXContainerItemProxy */ = {
			isa = PBXContainerItemProxy;
			containerPortal = BE36D7692E68D9EB00B7D3A9 /* Project object */;
			proxyType = 1;
			remoteGlobalIDString = BE36D7702E68D9EB00B7D3A9;
			remoteInfo = "Swift Demo";
		};
/* End PBXContainerItemProxy section */

/* Begin PBXCopyFilesBuildPhase section */
		BE36D7AE2E68F66E00B7D3A9 /* Embed Frameworks */ = {
			isa = PBXCopyFilesBuildPhase;
			buildActionMask = 2147483647;
			dstPath = "";
			dstSubfolderSpec = 10;
			files = (
				BE394F342E68F75600A5C47B /* PowerSyncDynamic in Embed Frameworks */,
			);
			name = "Embed Frameworks";
			runOnlyForDeploymentPostprocessing = 0;
		};
/* End PBXCopyFilesBuildPhase section */

/* Begin PBXFileReference section */
		BE36D7712E68D9EB00B7D3A9 /* Swift Demo.app */ = {isa = PBXFileReference; explicitFileType = wrapper.application; includeInIndex = 0; path = "Swift Demo.app"; sourceTree = BUILT_PRODUCTS_DIR; };
		BE36D77F2E68D9EC00B7D3A9 /* Swift DemoTests.xctest */ = {isa = PBXFileReference; explicitFileType = wrapper.cfbundle; includeInIndex = 0; path = "Swift DemoTests.xctest"; sourceTree = BUILT_PRODUCTS_DIR; };
		BE36D7892E68D9EC00B7D3A9 /* Swift DemoUITests.xctest */ = {isa = PBXFileReference; explicitFileType = wrapper.cfbundle; includeInIndex = 0; path = "Swift DemoUITests.xctest"; sourceTree = BUILT_PRODUCTS_DIR; };
/* End PBXFileReference section */

/* Begin PBXFileSystemSynchronizedRootGroup section */
		BE36D7732E68D9EB00B7D3A9 /* Swift Demo */ = {
			isa = PBXFileSystemSynchronizedRootGroup;
			path = "Swift Demo";
			sourceTree = "<group>";
		};
		BE36D7822E68D9EC00B7D3A9 /* Swift DemoTests */ = {
			isa = PBXFileSystemSynchronizedRootGroup;
			path = "Swift DemoTests";
			sourceTree = "<group>";
		};
		BE36D78C2E68D9EC00B7D3A9 /* Swift DemoUITests */ = {
			isa = PBXFileSystemSynchronizedRootGroup;
			path = "Swift DemoUITests";
			sourceTree = "<group>";
		};
/* End PBXFileSystemSynchronizedRootGroup section */

/* Begin PBXFrameworksBuildPhase section */
		BE36D76E2E68D9EB00B7D3A9 /* Frameworks */ = {
			isa = PBXFrameworksBuildPhase;
			buildActionMask = 2147483647;
			files = (
				BE394F492E6A03DD00A5C47B /* Auth in Frameworks */,
				BE394F332E68F75100A5C47B /* PowerSyncDynamic in Frameworks */,
				BE394F4B2E6A03E200A5C47B /* Supabase in Frameworks */,
			);
			runOnlyForDeploymentPostprocessing = 0;
		};
		BE36D77C2E68D9EC00B7D3A9 /* Frameworks */ = {
			isa = PBXFrameworksBuildPhase;
			buildActionMask = 2147483647;
			files = (
			);
			runOnlyForDeploymentPostprocessing = 0;
		};
		BE36D7862E68D9EC00B7D3A9 /* Frameworks */ = {
			isa = PBXFrameworksBuildPhase;
			buildActionMask = 2147483647;
			files = (
			);
			runOnlyForDeploymentPostprocessing = 0;
		};
/* End PBXFrameworksBuildPhase section */

/* Begin PBXGroup section */
		BE36D7682E68D9EB00B7D3A9 = {
			isa = PBXGroup;
			children = (
				BE36D7732E68D9EB00B7D3A9 /* Swift Demo */,
				BE36D7822E68D9EC00B7D3A9 /* Swift DemoTests */,
				BE36D78C2E68D9EC00B7D3A9 /* Swift DemoUITests */,
				BE394F442E69F97300A5C47B /* Frameworks */,
				BE36D7722E68D9EB00B7D3A9 /* Products */,
			);
			sourceTree = "<group>";
		};
		BE36D7722E68D9EB00B7D3A9 /* Products */ = {
			isa = PBXGroup;
			children = (
				BE36D7712E68D9EB00B7D3A9 /* Swift Demo.app */,
				BE36D77F2E68D9EC00B7D3A9 /* Swift DemoTests.xctest */,
				BE36D7892E68D9EC00B7D3A9 /* Swift DemoUITests.xctest */,
			);
			name = Products;
			sourceTree = "<group>";
		};
		BE394F442E69F97300A5C47B /* Frameworks */ = {
			isa = PBXGroup;
			children = (
			);
			name = Frameworks;
			sourceTree = "<group>";
		};
/* End PBXGroup section */

/* Begin PBXNativeTarget section */
		BE36D7702E68D9EB00B7D3A9 /* Swift Demo */ = {
			isa = PBXNativeTarget;
			buildConfigurationList = BE36D7932E68D9EC00B7D3A9 /* Build configuration list for PBXNativeTarget "Swift Demo" */;
			buildPhases = (
				BE36D76D2E68D9EB00B7D3A9 /* Sources */,
				BE36D76E2E68D9EB00B7D3A9 /* Frameworks */,
				BE36D76F2E68D9EB00B7D3A9 /* Resources */,
				BE36D7AE2E68F66E00B7D3A9 /* Embed Frameworks */,
			);
			buildRules = (
			);
			dependencies = (
			);
			fileSystemSynchronizedGroups = (
				BE36D7732E68D9EB00B7D3A9 /* Swift Demo */,
			);
			name = "Swift Demo";
			packageProductDependencies = (
				BE394F322E68F75100A5C47B /* PowerSyncDynamic */,
				BE394F482E6A03DD00A5C47B /* Auth */,
				BE394F4A2E6A03E200A5C47B /* Supabase */,
			);
			productName = "Swift Demo";
			productReference = BE36D7712E68D9EB00B7D3A9 /* Swift Demo.app */;
			productType = "com.apple.product-type.application";
		};
		BE36D77E2E68D9EC00B7D3A9 /* Swift DemoTests */ = {
			isa = PBXNativeTarget;
			buildConfigurationList = BE36D7962E68D9EC00B7D3A9 /* Build configuration list for PBXNativeTarget "Swift DemoTests" */;
			buildPhases = (
				BE36D77B2E68D9EC00B7D3A9 /* Sources */,
				BE36D77C2E68D9EC00B7D3A9 /* Frameworks */,
				BE36D77D2E68D9EC00B7D3A9 /* Resources */,
			);
			buildRules = (
			);
			dependencies = (
				BE36D7812E68D9EC00B7D3A9 /* PBXTargetDependency */,
			);
			fileSystemSynchronizedGroups = (
				BE36D7822E68D9EC00B7D3A9 /* Swift DemoTests */,
			);
			name = "Swift DemoTests";
			packageProductDependencies = (
			);
			productName = "Swift DemoTests";
			productReference = BE36D77F2E68D9EC00B7D3A9 /* Swift DemoTests.xctest */;
			productType = "com.apple.product-type.bundle.unit-test";
		};
		BE36D7882E68D9EC00B7D3A9 /* Swift DemoUITests */ = {
			isa = PBXNativeTarget;
			buildConfigurationList = BE36D7992E68D9EC00B7D3A9 /* Build configuration list for PBXNativeTarget "Swift DemoUITests" */;
			buildPhases = (
				BE36D7852E68D9EC00B7D3A9 /* Sources */,
				BE36D7862E68D9EC00B7D3A9 /* Frameworks */,
				BE36D7872E68D9EC00B7D3A9 /* Resources */,
			);
			buildRules = (
			);
			dependencies = (
				BE36D78B2E68D9EC00B7D3A9 /* PBXTargetDependency */,
			);
			fileSystemSynchronizedGroups = (
				BE36D78C2E68D9EC00B7D3A9 /* Swift DemoUITests */,
			);
			name = "Swift DemoUITests";
			packageProductDependencies = (
			);
			productName = "Swift DemoUITests";
			productReference = BE36D7892E68D9EC00B7D3A9 /* Swift DemoUITests.xctest */;
			productType = "com.apple.product-type.bundle.ui-testing";
		};
/* End PBXNativeTarget section */

/* Begin PBXProject section */
		BE36D7692E68D9EB00B7D3A9 /* Project object */ = {
			isa = PBXProject;
			attributes = {
				BuildIndependentTargetsInParallel = 1;
				LastSwiftUpdateCheck = 1640;
				LastUpgradeCheck = 1640;
				TargetAttributes = {
					BE36D7702E68D9EB00B7D3A9 = {
						CreatedOnToolsVersion = 16.4;
					};
					BE36D77E2E68D9EC00B7D3A9 = {
						CreatedOnToolsVersion = 16.4;
						TestTargetID = BE36D7702E68D9EB00B7D3A9;
					};
					BE36D7882E68D9EC00B7D3A9 = {
						CreatedOnToolsVersion = 16.4;
						TestTargetID = BE36D7702E68D9EB00B7D3A9;
					};
				};
			};
			buildConfigurationList = BE36D76C2E68D9EB00B7D3A9 /* Build configuration list for PBXProject "Swift Demo" */;
			developmentRegion = en;
			hasScannedForEncodings = 0;
			knownRegions = (
				en,
				Base,
			);
			mainGroup = BE36D7682E68D9EB00B7D3A9;
			minimizedProjectReferenceProxies = 1;
			packageReferences = (
				BE394F312E68F75100A5C47B /* XCRemoteSwiftPackageReference "powersync-swift" */,
				BE394F472E6A03DD00A5C47B /* XCRemoteSwiftPackageReference "supabase-swift" */,
			);
			preferredProjectObjectVersion = 77;
			productRefGroup = BE36D7722E68D9EB00B7D3A9 /* Products */;
			projectDirPath = "";
			projectRoot = "";
			targets = (
				BE36D7702E68D9EB00B7D3A9 /* Swift Demo */,
				BE36D77E2E68D9EC00B7D3A9 /* Swift DemoTests */,
				BE36D7882E68D9EC00B7D3A9 /* Swift DemoUITests */,
			);
		};
/* End PBXProject section */

/* Begin PBXResourcesBuildPhase section */
		BE36D76F2E68D9EB00B7D3A9 /* Resources */ = {
			isa = PBXResourcesBuildPhase;
			buildActionMask = 2147483647;
			files = (
			);
			runOnlyForDeploymentPostprocessing = 0;
		};
		BE36D77D2E68D9EC00B7D3A9 /* Resources */ = {
			isa = PBXResourcesBuildPhase;
			buildActionMask = 2147483647;
			files = (
			);
			runOnlyForDeploymentPostprocessing = 0;
		};
		BE36D7872E68D9EC00B7D3A9 /* Resources */ = {
			isa = PBXResourcesBuildPhase;
			buildActionMask = 2147483647;
			files = (
			);
			runOnlyForDeploymentPostprocessing = 0;
		};
/* End PBXResourcesBuildPhase section */

/* Begin PBXSourcesBuildPhase section */
		BE36D76D2E68D9EB00B7D3A9 /* Sources */ = {
			isa = PBXSourcesBuildPhase;
			buildActionMask = 2147483647;
			files = (
			);
			runOnlyForDeploymentPostprocessing = 0;
		};
		BE36D77B2E68D9EC00B7D3A9 /* Sources */ = {
			isa = PBXSourcesBuildPhase;
			buildActionMask = 2147483647;
			files = (
			);
			runOnlyForDeploymentPostprocessing = 0;
		};
		BE36D7852E68D9EC00B7D3A9 /* Sources */ = {
			isa = PBXSourcesBuildPhase;
			buildActionMask = 2147483647;
			files = (
			);
			runOnlyForDeploymentPostprocessing = 0;
		};
/* End PBXSourcesBuildPhase section */

/* Begin PBXTargetDependency section */
		BE36D7812E68D9EC00B7D3A9 /* PBXTargetDependency */ = {
			isa = PBXTargetDependency;
			target = BE36D7702E68D9EB00B7D3A9 /* Swift Demo */;
			targetProxy = BE36D7802E68D9EC00B7D3A9 /* PBXContainerItemProxy */;
		};
		BE36D78B2E68D9EC00B7D3A9 /* PBXTargetDependency */ = {
			isa = PBXTargetDependency;
			target = BE36D7702E68D9EB00B7D3A9 /* Swift Demo */;
			targetProxy = BE36D78A2E68D9EC00B7D3A9 /* PBXContainerItemProxy */;
		};
/* End PBXTargetDependency section */

/* Begin XCBuildConfiguration section */
		BE36D7912E68D9EC00B7D3A9 /* Debug */ = {
			isa = XCBuildConfiguration;
			buildSettings = {
				ALWAYS_SEARCH_USER_PATHS = NO;
				ASSETCATALOG_COMPILER_GENERATE_SWIFT_ASSET_SYMBOL_EXTENSIONS = YES;
				CLANG_ANALYZER_NONNULL = YES;
				CLANG_ANALYZER_NUMBER_OBJECT_CONVERSION = YES_AGGRESSIVE;
				CLANG_CXX_LANGUAGE_STANDARD = "gnu++20";
				CLANG_ENABLE_MODULES = YES;
				CLANG_ENABLE_OBJC_ARC = YES;
				CLANG_ENABLE_OBJC_WEAK = YES;
				CLANG_WARN_BLOCK_CAPTURE_AUTORELEASING = YES;
				CLANG_WARN_BOOL_CONVERSION = YES;
				CLANG_WARN_COMMA = YES;
				CLANG_WARN_CONSTANT_CONVERSION = YES;
				CLANG_WARN_DEPRECATED_OBJC_IMPLEMENTATIONS = YES;
				CLANG_WARN_DIRECT_OBJC_ISA_USAGE = YES_ERROR;
				CLANG_WARN_DOCUMENTATION_COMMENTS = YES;
				CLANG_WARN_EMPTY_BODY = YES;
				CLANG_WARN_ENUM_CONVERSION = YES;
				CLANG_WARN_INFINITE_RECURSION = YES;
				CLANG_WARN_INT_CONVERSION = YES;
				CLANG_WARN_NON_LITERAL_NULL_CONVERSION = YES;
				CLANG_WARN_OBJC_IMPLICIT_RETAIN_SELF = YES;
				CLANG_WARN_OBJC_LITERAL_CONVERSION = YES;
				CLANG_WARN_OBJC_ROOT_CLASS = YES_ERROR;
				CLANG_WARN_QUOTED_INCLUDE_IN_FRAMEWORK_HEADER = YES;
				CLANG_WARN_RANGE_LOOP_ANALYSIS = YES;
				CLANG_WARN_STRICT_PROTOTYPES = YES;
				CLANG_WARN_SUSPICIOUS_MOVE = YES;
				CLANG_WARN_UNGUARDED_AVAILABILITY = YES_AGGRESSIVE;
				CLANG_WARN_UNREACHABLE_CODE = YES;
				CLANG_WARN__DUPLICATE_METHOD_MATCH = YES;
				COPY_PHASE_STRIP = NO;
				DEBUG_INFORMATION_FORMAT = dwarf;
				DEVELOPMENT_TEAM = ZGT7463CVJ;
				ENABLE_STRICT_OBJC_MSGSEND = YES;
				ENABLE_TESTABILITY = YES;
				ENABLE_USER_SCRIPT_SANDBOXING = YES;
				GCC_C_LANGUAGE_STANDARD = gnu17;
				GCC_DYNAMIC_NO_PIC = NO;
				GCC_NO_COMMON_BLOCKS = YES;
				GCC_OPTIMIZATION_LEVEL = 0;
				GCC_PREPROCESSOR_DEFINITIONS = (
					"DEBUG=1",
					"$(inherited)",
				);
				GCC_WARN_64_TO_32_BIT_CONVERSION = YES;
				GCC_WARN_ABOUT_RETURN_TYPE = YES_ERROR;
				GCC_WARN_UNDECLARED_SELECTOR = YES;
				GCC_WARN_UNINITIALIZED_AUTOS = YES_AGGRESSIVE;
				GCC_WARN_UNUSED_FUNCTION = YES;
				GCC_WARN_UNUSED_VARIABLE = YES;
				LOCALIZATION_PREFERS_STRING_CATALOGS = YES;
				MTL_ENABLE_DEBUG_INFO = INCLUDE_SOURCE;
				MTL_FAST_MATH = YES;
				ONLY_ACTIVE_ARCH = YES;
				SWIFT_ACTIVE_COMPILATION_CONDITIONS = "DEBUG $(inherited)";
				SWIFT_OPTIMIZATION_LEVEL = "-Onone";
			};
			name = Debug;
		};
		BE36D7922E68D9EC00B7D3A9 /* Release */ = {
			isa = XCBuildConfiguration;
			buildSettings = {
				ALWAYS_SEARCH_USER_PATHS = NO;
				ASSETCATALOG_COMPILER_GENERATE_SWIFT_ASSET_SYMBOL_EXTENSIONS = YES;
				CLANG_ANALYZER_NONNULL = YES;
				CLANG_ANALYZER_NUMBER_OBJECT_CONVERSION = YES_AGGRESSIVE;
				CLANG_CXX_LANGUAGE_STANDARD = "gnu++20";
				CLANG_ENABLE_MODULES = YES;
				CLANG_ENABLE_OBJC_ARC = YES;
				CLANG_ENABLE_OBJC_WEAK = YES;
				CLANG_WARN_BLOCK_CAPTURE_AUTORELEASING = YES;
				CLANG_WARN_BOOL_CONVERSION = YES;
				CLANG_WARN_COMMA = YES;
				CLANG_WARN_CONSTANT_CONVERSION = YES;
				CLANG_WARN_DEPRECATED_OBJC_IMPLEMENTATIONS = YES;
				CLANG_WARN_DIRECT_OBJC_ISA_USAGE = YES_ERROR;
				CLANG_WARN_DOCUMENTATION_COMMENTS = YES;
				CLANG_WARN_EMPTY_BODY = YES;
				CLANG_WARN_ENUM_CONVERSION = YES;
				CLANG_WARN_INFINITE_RECURSION = YES;
				CLANG_WARN_INT_CONVERSION = YES;
				CLANG_WARN_NON_LITERAL_NULL_CONVERSION = YES;
				CLANG_WARN_OBJC_IMPLICIT_RETAIN_SELF = YES;
				CLANG_WARN_OBJC_LITERAL_CONVERSION = YES;
				CLANG_WARN_OBJC_ROOT_CLASS = YES_ERROR;
				CLANG_WARN_QUOTED_INCLUDE_IN_FRAMEWORK_HEADER = YES;
				CLANG_WARN_RANGE_LOOP_ANALYSIS = YES;
				CLANG_WARN_STRICT_PROTOTYPES = YES;
				CLANG_WARN_SUSPICIOUS_MOVE = YES;
				CLANG_WARN_UNGUARDED_AVAILABILITY = YES_AGGRESSIVE;
				CLANG_WARN_UNREACHABLE_CODE = YES;
				CLANG_WARN__DUPLICATE_METHOD_MATCH = YES;
				COPY_PHASE_STRIP = NO;
				DEBUG_INFORMATION_FORMAT = "dwarf-with-dsym";
				DEVELOPMENT_TEAM = ZGT7463CVJ;
				ENABLE_NS_ASSERTIONS = NO;
				ENABLE_STRICT_OBJC_MSGSEND = YES;
				ENABLE_USER_SCRIPT_SANDBOXING = YES;
				GCC_C_LANGUAGE_STANDARD = gnu17;
				GCC_NO_COMMON_BLOCKS = YES;
				GCC_WARN_64_TO_32_BIT_CONVERSION = YES;
				GCC_WARN_ABOUT_RETURN_TYPE = YES_ERROR;
				GCC_WARN_UNDECLARED_SELECTOR = YES;
				GCC_WARN_UNINITIALIZED_AUTOS = YES_AGGRESSIVE;
				GCC_WARN_UNUSED_FUNCTION = YES;
				GCC_WARN_UNUSED_VARIABLE = YES;
				LOCALIZATION_PREFERS_STRING_CATALOGS = YES;
				MTL_ENABLE_DEBUG_INFO = NO;
				MTL_FAST_MATH = YES;
				SWIFT_COMPILATION_MODE = wholemodule;
			};
			name = Release;
		};
		BE36D7942E68D9EC00B7D3A9 /* Debug */ = {
			isa = XCBuildConfiguration;
			buildSettings = {
				ASSETCATALOG_COMPILER_APPICON_NAME = AppIcon;
				ASSETCATALOG_COMPILER_GLOBAL_ACCENT_COLOR_NAME = AccentColor;
				CODE_SIGN_ENTITLEMENTS = "Swift Demo/Swift_Demo.entitlements";
				CODE_SIGN_STYLE = Automatic;
				CURRENT_PROJECT_VERSION = 1;
				DEVELOPMENT_TEAM = ZGT7463CVJ;
				ENABLE_HARDENED_RUNTIME = YES;
				ENABLE_PREVIEWS = YES;
				GENERATE_INFOPLIST_FILE = YES;
				"INFOPLIST_KEY_UIApplicationSceneManifest_Generation[sdk=iphoneos*]" = YES;
				"INFOPLIST_KEY_UIApplicationSceneManifest_Generation[sdk=iphonesimulator*]" = YES;
				"INFOPLIST_KEY_UIApplicationSupportsIndirectInputEvents[sdk=iphoneos*]" = YES;
				"INFOPLIST_KEY_UIApplicationSupportsIndirectInputEvents[sdk=iphonesimulator*]" = YES;
				"INFOPLIST_KEY_UILaunchScreen_Generation[sdk=iphoneos*]" = YES;
				"INFOPLIST_KEY_UILaunchScreen_Generation[sdk=iphonesimulator*]" = YES;
				"INFOPLIST_KEY_UIStatusBarStyle[sdk=iphoneos*]" = UIStatusBarStyleDefault;
				"INFOPLIST_KEY_UIStatusBarStyle[sdk=iphonesimulator*]" = UIStatusBarStyleDefault;
				INFOPLIST_KEY_UISupportedInterfaceOrientations_iPad = "UIInterfaceOrientationPortrait UIInterfaceOrientationPortraitUpsideDown UIInterfaceOrientationLandscapeLeft UIInterfaceOrientationLandscapeRight";
				INFOPLIST_KEY_UISupportedInterfaceOrientations_iPhone = "UIInterfaceOrientationPortrait UIInterfaceOrientationLandscapeLeft UIInterfaceOrientationLandscapeRight";
				IPHONEOS_DEPLOYMENT_TARGET = 18.5;
				LD_RUNPATH_SEARCH_PATHS = "@executable_path/Frameworks";
				"LD_RUNPATH_SEARCH_PATHS[sdk=macosx*]" = "@executable_path/../Frameworks";
				MACOSX_DEPLOYMENT_TARGET = 15.5;
				MARKETING_VERSION = 1.0;
				PRODUCT_BUNDLE_IDENTIFIER = "JourneyApps.Swift-Demo";
				PRODUCT_NAME = "$(TARGET_NAME)";
				REGISTER_APP_GROUPS = YES;
				SDKROOT = auto;
				SUPPORTED_PLATFORMS = "iphoneos iphonesimulator macosx xros xrsimulator";
				SWIFT_EMIT_LOC_STRINGS = YES;
				SWIFT_VERSION = 5.0;
				TARGETED_DEVICE_FAMILY = "1,2,7";
				XROS_DEPLOYMENT_TARGET = 2.5;
			};
			name = Debug;
		};
		BE36D7952E68D9EC00B7D3A9 /* Release */ = {
			isa = XCBuildConfiguration;
			buildSettings = {
				ASSETCATALOG_COMPILER_APPICON_NAME = AppIcon;
				ASSETCATALOG_COMPILER_GLOBAL_ACCENT_COLOR_NAME = AccentColor;
				CODE_SIGN_ENTITLEMENTS = "Swift Demo/Swift_Demo.entitlements";
				CODE_SIGN_STYLE = Automatic;
				CURRENT_PROJECT_VERSION = 1;
				DEVELOPMENT_TEAM = ZGT7463CVJ;
				ENABLE_HARDENED_RUNTIME = YES;
				ENABLE_PREVIEWS = YES;
				GENERATE_INFOPLIST_FILE = YES;
				"INFOPLIST_KEY_UIApplicationSceneManifest_Generation[sdk=iphoneos*]" = YES;
				"INFOPLIST_KEY_UIApplicationSceneManifest_Generation[sdk=iphonesimulator*]" = YES;
				"INFOPLIST_KEY_UIApplicationSupportsIndirectInputEvents[sdk=iphoneos*]" = YES;
				"INFOPLIST_KEY_UIApplicationSupportsIndirectInputEvents[sdk=iphonesimulator*]" = YES;
				"INFOPLIST_KEY_UILaunchScreen_Generation[sdk=iphoneos*]" = YES;
				"INFOPLIST_KEY_UILaunchScreen_Generation[sdk=iphonesimulator*]" = YES;
				"INFOPLIST_KEY_UIStatusBarStyle[sdk=iphoneos*]" = UIStatusBarStyleDefault;
				"INFOPLIST_KEY_UIStatusBarStyle[sdk=iphonesimulator*]" = UIStatusBarStyleDefault;
				INFOPLIST_KEY_UISupportedInterfaceOrientations_iPad = "UIInterfaceOrientationPortrait UIInterfaceOrientationPortraitUpsideDown UIInterfaceOrientationLandscapeLeft UIInterfaceOrientationLandscapeRight";
				INFOPLIST_KEY_UISupportedInterfaceOrientations_iPhone = "UIInterfaceOrientationPortrait UIInterfaceOrientationLandscapeLeft UIInterfaceOrientationLandscapeRight";
				IPHONEOS_DEPLOYMENT_TARGET = 18.5;
				LD_RUNPATH_SEARCH_PATHS = "@executable_path/Frameworks";
				"LD_RUNPATH_SEARCH_PATHS[sdk=macosx*]" = "@executable_path/../Frameworks";
				MACOSX_DEPLOYMENT_TARGET = 15.5;
				MARKETING_VERSION = 1.0;
				PRODUCT_BUNDLE_IDENTIFIER = "JourneyApps.Swift-Demo";
				PRODUCT_NAME = "$(TARGET_NAME)";
				REGISTER_APP_GROUPS = YES;
				SDKROOT = auto;
				SUPPORTED_PLATFORMS = "iphoneos iphonesimulator macosx xros xrsimulator";
				SWIFT_EMIT_LOC_STRINGS = YES;
				SWIFT_VERSION = 5.0;
				TARGETED_DEVICE_FAMILY = "1,2,7";
				XROS_DEPLOYMENT_TARGET = 2.5;
			};
			name = Release;
		};
		BE36D7972E68D9EC00B7D3A9 /* Debug */ = {
			isa = XCBuildConfiguration;
			buildSettings = {
				BUNDLE_LOADER = "$(TEST_HOST)";
				CODE_SIGN_STYLE = Automatic;
				CURRENT_PROJECT_VERSION = 1;
				DEVELOPMENT_TEAM = ZGT7463CVJ;
				GENERATE_INFOPLIST_FILE = YES;
				IPHONEOS_DEPLOYMENT_TARGET = 18.5;
				MACOSX_DEPLOYMENT_TARGET = 15.5;
				MARKETING_VERSION = 1.0;
				PRODUCT_BUNDLE_IDENTIFIER = "JourneyApps.Swift-DemoTests";
				PRODUCT_NAME = "$(TARGET_NAME)";
				SDKROOT = auto;
				SUPPORTED_PLATFORMS = "iphoneos iphonesimulator macosx xros xrsimulator";
				SWIFT_EMIT_LOC_STRINGS = NO;
				SWIFT_VERSION = 5.0;
				TARGETED_DEVICE_FAMILY = "1,2,7";
				TEST_HOST = "$(BUILT_PRODUCTS_DIR)/Swift Demo.app/$(BUNDLE_EXECUTABLE_FOLDER_PATH)/Swift Demo";
				XROS_DEPLOYMENT_TARGET = 2.5;
			};
			name = Debug;
		};
		BE36D7982E68D9EC00B7D3A9 /* Release */ = {
			isa = XCBuildConfiguration;
			buildSettings = {
				BUNDLE_LOADER = "$(TEST_HOST)";
				CODE_SIGN_STYLE = Automatic;
				CURRENT_PROJECT_VERSION = 1;
				DEVELOPMENT_TEAM = ZGT7463CVJ;
				GENERATE_INFOPLIST_FILE = YES;
				IPHONEOS_DEPLOYMENT_TARGET = 18.5;
				MACOSX_DEPLOYMENT_TARGET = 15.5;
				MARKETING_VERSION = 1.0;
				PRODUCT_BUNDLE_IDENTIFIER = "JourneyApps.Swift-DemoTests";
				PRODUCT_NAME = "$(TARGET_NAME)";
				SDKROOT = auto;
				SUPPORTED_PLATFORMS = "iphoneos iphonesimulator macosx xros xrsimulator";
				SWIFT_EMIT_LOC_STRINGS = NO;
				SWIFT_VERSION = 5.0;
				TARGETED_DEVICE_FAMILY = "1,2,7";
				TEST_HOST = "$(BUILT_PRODUCTS_DIR)/Swift Demo.app/$(BUNDLE_EXECUTABLE_FOLDER_PATH)/Swift Demo";
				XROS_DEPLOYMENT_TARGET = 2.5;
			};
			name = Release;
		};
		BE36D79A2E68D9EC00B7D3A9 /* Debug */ = {
			isa = XCBuildConfiguration;
			buildSettings = {
				CODE_SIGN_STYLE = Automatic;
				CURRENT_PROJECT_VERSION = 1;
				DEVELOPMENT_TEAM = ZGT7463CVJ;
				GENERATE_INFOPLIST_FILE = YES;
				IPHONEOS_DEPLOYMENT_TARGET = 18.5;
				MACOSX_DEPLOYMENT_TARGET = 15.5;
				MARKETING_VERSION = 1.0;
				PRODUCT_BUNDLE_IDENTIFIER = "JourneyApps.Swift-DemoUITests";
				PRODUCT_NAME = "$(TARGET_NAME)";
				SDKROOT = auto;
				SUPPORTED_PLATFORMS = "iphoneos iphonesimulator macosx xros xrsimulator";
				SWIFT_EMIT_LOC_STRINGS = NO;
				SWIFT_VERSION = 5.0;
				TARGETED_DEVICE_FAMILY = "1,2,7";
				TEST_TARGET_NAME = "Swift Demo";
				XROS_DEPLOYMENT_TARGET = 2.5;
			};
			name = Debug;
		};
		BE36D79B2E68D9EC00B7D3A9 /* Release */ = {
			isa = XCBuildConfiguration;
			buildSettings = {
				CODE_SIGN_STYLE = Automatic;
				CURRENT_PROJECT_VERSION = 1;
				DEVELOPMENT_TEAM = ZGT7463CVJ;
				GENERATE_INFOPLIST_FILE = YES;
				IPHONEOS_DEPLOYMENT_TARGET = 18.5;
				MACOSX_DEPLOYMENT_TARGET = 15.5;
				MARKETING_VERSION = 1.0;
				PRODUCT_BUNDLE_IDENTIFIER = "JourneyApps.Swift-DemoUITests";
				PRODUCT_NAME = "$(TARGET_NAME)";
				SDKROOT = auto;
				SUPPORTED_PLATFORMS = "iphoneos iphonesimulator macosx xros xrsimulator";
				SWIFT_EMIT_LOC_STRINGS = NO;
				SWIFT_VERSION = 5.0;
				TARGETED_DEVICE_FAMILY = "1,2,7";
				TEST_TARGET_NAME = "Swift Demo";
				XROS_DEPLOYMENT_TARGET = 2.5;
			};
			name = Release;
		};
/* End XCBuildConfiguration section */

/* Begin XCConfigurationList section */
		BE36D76C2E68D9EB00B7D3A9 /* Build configuration list for PBXProject "Swift Demo" */ = {
			isa = XCConfigurationList;
			buildConfigurations = (
				BE36D7912E68D9EC00B7D3A9 /* Debug */,
				BE36D7922E68D9EC00B7D3A9 /* Release */,
			);
			defaultConfigurationIsVisible = 0;
			defaultConfigurationName = Release;
		};
		BE36D7932E68D9EC00B7D3A9 /* Build configuration list for PBXNativeTarget "Swift Demo" */ = {
			isa = XCConfigurationList;
			buildConfigurations = (
				BE36D7942E68D9EC00B7D3A9 /* Debug */,
				BE36D7952E68D9EC00B7D3A9 /* Release */,
			);
			defaultConfigurationIsVisible = 0;
			defaultConfigurationName = Release;
		};
		BE36D7962E68D9EC00B7D3A9 /* Build configuration list for PBXNativeTarget "Swift DemoTests" */ = {
			isa = XCConfigurationList;
			buildConfigurations = (
				BE36D7972E68D9EC00B7D3A9 /* Debug */,
				BE36D7982E68D9EC00B7D3A9 /* Release */,
			);
			defaultConfigurationIsVisible = 0;
			defaultConfigurationName = Release;
		};
		BE36D7992E68D9EC00B7D3A9 /* Build configuration list for PBXNativeTarget "Swift DemoUITests" */ = {
			isa = XCConfigurationList;
			buildConfigurations = (
				BE36D79A2E68D9EC00B7D3A9 /* Debug */,
				BE36D79B2E68D9EC00B7D3A9 /* Release */,
			);
			defaultConfigurationIsVisible = 0;
			defaultConfigurationName = Release;
		};
/* End XCConfigurationList section */

/* Begin XCRemoteSwiftPackageReference section */
		BE394F312E68F75100A5C47B /* XCRemoteSwiftPackageReference "powersync-swift" */ = {
			isa = XCRemoteSwiftPackageReference;
			repositoryURL = "https://github.com/powersync-ja/powersync-swift";
			requirement = {
				kind = upToNextMajorVersion;
				minimumVersion = 1.5.0;
			};
		};
		BE394F472E6A03DD00A5C47B /* XCRemoteSwiftPackageReference "supabase-swift" */ = {
			isa = XCRemoteSwiftPackageReference;
			repositoryURL = "https://github.com/supabase-community/supabase-swift.git";
			requirement = {
				kind = exactVersion;
				version = 2.20.4;
			};
		};
/* End XCRemoteSwiftPackageReference section */

/* Begin XCSwiftPackageProductDependency section */
		BE394F322E68F75100A5C47B /* PowerSyncDynamic */ = {
			isa = XCSwiftPackageProductDependency;
			package = BE394F312E68F75100A5C47B /* XCRemoteSwiftPackageReference "powersync-swift" */;
			productName = PowerSyncDynamic;
		};
		BE394F482E6A03DD00A5C47B /* Auth */ = {
			isa = XCSwiftPackageProductDependency;
			package = BE394F472E6A03DD00A5C47B /* XCRemoteSwiftPackageReference "supabase-swift" */;
			productName = Auth;
		};
		BE394F4A2E6A03E200A5C47B /* Supabase */ = {
			isa = XCSwiftPackageProductDependency;
			package = BE394F472E6A03DD00A5C47B /* XCRemoteSwiftPackageReference "supabase-swift" */;
			productName = Supabase;
		};
/* End XCSwiftPackageProductDependency section */
	};
	rootObject = BE36D7692E68D9EB00B7D3A9 /* Project object */;
}
